
Microsoft Visual Studio Solution File, Format Version 12.00
# Visual Studio Version 17
VisualStudioVersion = 17.3.32825.248
MinimumVisualStudioVersion = 10.0.40219.1
Project("{FAE04EC0-301F-11D3-BF4B-00C04F79EFBC}") = "Week9Lists", "Week9Lists\Week9Lists.csproj", "{983BF337-7AD3-436B-A616-B8214F854635}"
EndProject
Global
	GlobalSection(SolutionConfigurationPlatforms) = preSolution
		Debug|Any CPU = Debug|Any CPU
		Release|Any CPU = Release|Any CPU
	EndGlobalSection
	GlobalSection(ProjectConfigurationPlatforms) = postSolution
		{983BF337-7AD3-436B-A616-B8214F854635}.Debug|Any CPU.ActiveCfg = Debug|Any CPU
		{983BF337-7AD3-436B-A616-B8214F854635}.Debug|Any CPU.Build.0 = Debug|Any CPU
		{983BF337-7AD3-436B-A616-B8214F854635}.Release|Any CPU.ActiveCfg = Release|Any CPU
		{983BF337-7AD3-436B-A616-B8214F854635}.Release|Any CPU.Build.0 = Release|Any CPU
	EndGlobalSection
	GlobalSection(SolutionProperties) = preSolution
		HideSolutionNode = FALSE
	EndGlobalSection
	GlobalSection(ExtensibilityGlobals) = postSolution
		SolutionGuid = {82D6EB9C-334C-436C-9C44-4C2DF6DEC4E7}
	EndGlobalSection
EndGlobal
